
Microsoft Visual Studio Solution File, Format Version 12.00
# Visual Studio Version 17
VisualStudioVersion = 17.3.32929.385
MinimumVisualStudioVersion = 10.0.40219.1
Project("{8BC9CEB8-8B4A-11D0-8D11-00A0C91BC942}") = "lab1_BigInt", "lab1_BigInt\lab1_BigInt.vcxproj", "{5ED7FD98-F45C-4295-8A79-27470F2E7886}"
EndProject
Project("{8BC9CEB8-8B4A-11D0-8D11-00A0C91BC942}") = "BigIntTest", "BigIntTest\BigIntTest.vcxproj", "{581A05D7-EAC9-4C66-A560-C1DE65B0938C}"
EndProject
Global
	GlobalSection(SolutionConfigurationPlatforms) = preSolution
		Debug|x64 = Debug|x64
		Debug|x86 = Debug|x86
		Release|x64 = Release|x64
		Release|x86 = Release|x86
	EndGlobalSection
	GlobalSection(ProjectConfigurationPlatforms) = postSolution
		{5ED7FD98-F45C-4295-8A79-27470F2E7886}.Debug|x64.ActiveCfg = Debug|x64
		{5ED7FD98-F45C-4295-8A79-27470F2E7886}.Debug|x64.Build.0 = Debug|x64
		{5ED7FD98-F45C-4295-8A79-27470F2E7886}.Debug|x86.ActiveCfg = Debug|Win32
		{5ED7FD98-F45C-4295-8A79-27470F2E7886}.Debug|x86.Build.0 = Debug|Win32
		{5ED7FD98-F45C-4295-8A79-27470F2E7886}.Release|x64.ActiveCfg = Release|x64
		{5ED7FD98-F45C-4295-8A79-27470F2E7886}.Release|x64.Build.0 = Release|x64
		{5ED7FD98-F45C-4295-8A79-27470F2E7886}.Release|x86.ActiveCfg = Release|Win32
		{5ED7FD98-F45C-4295-8A79-27470F2E7886}.Release|x86.Build.0 = Release|Win32
		{581A05D7-EAC9-4C66-A560-C1DE65B0938C}.Debug|x64.ActiveCfg = Debug|x64
		{581A05D7-EAC9-4C66-A560-C1DE65B0938C}.Debug|x64.Build.0 = Debug|x64
		{581A05D7-EAC9-4C66-A560-C1DE65B0938C}.Debug|x86.ActiveCfg = Debug|Win32
		{581A05D7-EAC9-4C66-A560-C1DE65B0938C}.Debug|x86.Build.0 = Debug|Win32
		{581A05D7-EAC9-4C66-A560-C1DE65B0938C}.Release|x64.ActiveCfg = Release|x64
		{581A05D7-EAC9-4C66-A560-C1DE65B0938C}.Release|x64.Build.0 = Release|x64
		{581A05D7-EAC9-4C66-A560-C1DE65B0938C}.Release|x86.ActiveCfg = Release|Win32
		{581A05D7-EAC9-4C66-A560-C1DE65B0938C}.Release|x86.Build.0 = Release|Win32
	EndGlobalSection
	GlobalSection(SolutionProperties) = preSolution
		HideSolutionNode = FALSE
	EndGlobalSection
	GlobalSection(ExtensibilityGlobals) = postSolution
		SolutionGuid = {AEC771C5-7078-4395-9353-6EB2BEFCF3ED}
	EndGlobalSection
EndGlobal
